{
  "version": 4,
  "terraform_version": "1.5.7",
  "serial": 218,
  "lineage": "3fc101e5-f140-1418-fae3-01edaac77f68",
  "outputs": {
    "private_key_file": {
      "value": "my_key.pem",
      "type": "string"
    }
  },
  "resources": [
    {
      "mode": "managed",
      "type": "local_file",
      "name": "private_key",
      "provider": "provider[\"registry.terraform.io/hashicorp/local\"]",
      "instances": [
        {
          "schema_version": 0,
          "attributes": {
            "content": "-----BEGIN RSA PRIVATE KEY-----\nMIIEpQIBAAKCAQEA6R8Eqt0XSEHDWyi63GoF7ImiKvsHMEnfL+PI/fa6duq2Ddub\nWiGsJwoe8s9UYpJX/CPCL589bHR8rwxplQ+iFjr3dgMLq3dqweSO8ove8jCGA59D\nuTKPRgD7cj8oGNUPOSeuAt8NdQ0i+1Ucuqy1yJ4fCNH6PBN0jHnyHKW6a4EaCjN1\nxcvTo2FrTICj9NY/uKP8ypwwsMlMpp9EvzVCd4DFyinlh0Me9o04p9hXyPqUrxxV\naKJMKsuSGu8QqbmF7LDddDdRAOovQbSJKgA+MVnpHnD+wOspxAe/w9MxF7Fhvbtr\nZckK2mwDv8uXuPZe2Su7MiNEojeaQVWZ7aUBzwIDAQABAoIBACZseGZ5PocoX7y8\nv9/okcVlAhe3fH3XDzRjhRNnAWDsWsl58ucuOaPNpUA8MBp3KI1kj3Mt+f/QS2TG\n1Pg+tWaYnYUUB25hpnUC6RTNPRgKK2yZaZ4y2S6eptMz2bYOGA5BngrXHO64FZX7\nd1rFcMj6Vv8rLOWOB13IE8HpBwsE0elhgEmcqrQQbs17pSL0tRNo2VzYekGJiqLD\nmb3DmsYOqL5vZcr7yDe8BBHrY3t8OM9W7y691OA1gbHnhJvv7kXnUEmYfBi40UNF\n99bsUbg6c2DqaaD8sff+r+OymabH1dGbvGGNRJ9zwoaW8Q/1m5IywoYQfdFnTt7Q\nFAz2+qECgYEA+oTNNjVn+HGmXApRFblBd9mzuQI8x/7XumiYUqJ/W8qbiS72gKei\nQgt753nh9Tmih0L7Xpl0NfC7/mQCl00R1Q0r05NZ8E08DdfqFaSW1vxsXJKrilEw\ntGMgPWqd8uTyzF7ZmODWLOrSnkD3Fz5DjxmLvL5CqAGmAbk1AP1R6QcCgYEA7jjF\nDayd9aAYXfE34hERfFywWmYqoNCRZTTTgZpVGa8vHLp7AgnSvsi+2R7Oxh+uBswF\nspAdpgiFLN+cQ29pf7mECed7dZ+b4eWdQQU9+ISZ2jMwLwL8+8jhom2gDCjx8wsj\nqMcsQzWxVVL/vNgCsHhUYEON20prMko/6E6HVvkCgYEAoSyXqmypu5nC4ixxBnzt\nteIGUt0xpao7uN5aQa/yKGgtsRDZ3uP67GrfCInN6itueX+Koc4wihObn4tQb29S\nLbQPokuG7aeDH5TuMYZ21VIJlXV3j8G0iBnOQDU78W2DGCFd9ZGRucxKPS6myflx\nFbvlv0TZNaX529oAU+amsDkCgYEAvrpXEq6svXbTa4twuZ/+xvoS/B2mbaDvd/9G\nhBKDpg+7gZ3QVH526+cf3ggrdzbwB2McAK4f/sn9jkLuApPV/LwUejWKhE8o6EEF\nmYRP7ISGBcxL/KfA0vovpPNuW64AoR2/DCeDScBYXb8ZICI2bQG6VGRh1DwN/XKz\nHhSZiUkCgYEAqhJAJJZa4oT3SYyV9uvJB8hwFbZdEeJqpl6YPXGjL6WSku/toetK\nFF5rztJCTSQpv8czK3Meq0RQNfaaDe3AFqhiyPI0Mc1p7YbwEQE/MITiLDnmGfgR\nmL1sGU6eYfXcHmz1qjmZZb/Lfz2DC24Fbn3ui881kvYAX9kt06vH2RA=\n-----END RSA PRIVATE KEY-----\n",
            "content_base64": null,
            "content_base64sha256": "1smwwwQLiST/zLx5t31AZlB7M5WUPEx7lTrx4dnHOgg=",
            "content_base64sha512": "pIZ2XDzox4LMgQIm7RVfpMuINnTK8SDDUQlcnTEEPjV3+x6qlOsf4BzHnkT4R+R2leL/aaj5rmxpyCtN2UFjOw==",
            "content_md5": "c909d01e12f3db1d40781bd4e888fd7d",
            "content_sha1": "911f973782561bdb4e820578c27eb1b7929361cd",
            "content_sha256": "d6c9b0c3040b8924ffccbc79b77d4066507b3395943c4c7b953af1e1d9c73a08",
            "content_sha512": "a486765c3ce8c782cc810226ed155fa4cb883674caf120c351095c9d31043e3577fb1eaa94eb1fe01cc79e44f847e47695e2ff69a8f9ae6c69c82b4dd941633b",
            "directory_permission": "0777",
            "file_permission": "0777",
            "filename": "my_key.pem",
            "id": "911f973782561bdb4e820578c27eb1b7929361cd",
            "sensitive_content": null,
            "source": null
          },
          "sensitive_attributes": [
            [
              {
                "type": "get_attr",
                "value": "content"
              }
            ]
          ],
          "dependencies": [
            "openstack_compute_keypair_v2.keypair"
          ]
        }
      ]
    },
    {
      "mode": "managed",
      "type": "openstack_compute_instance_v2",
      "name": "private_server",
      "provider": "provider[\"registry.terraform.io/terraform-provider-openstack/openstack\"]",
      "instances": [
        {
          "schema_version": 0,
          "attributes": {
            "access_ip_v4": "192.168.0.242",
            "access_ip_v6": "",
            "admin_pass": null,
            "all_metadata": {
              "this": "that"
            },
            "all_tags": [],
            "availability_zone": "nova",
            "availability_zone_hints": null,
            "block_device": [],
            "config_drive": null,
            "created": "2023-11-13 14:03:06 +0000 UTC",
            "flavor_id": "f76cbf7b-f861-44fe-adf7-34dabe7aed15",
            "flavor_name": "1c05r8d",
            "floating_ip": null,
            "force_delete": false,
            "id": "61c7543d-54eb-4232-90b8-8fcccff048ac",
            "image_id": "df3c4dc8-6a1e-4e5c-8a52-afe5112e06d0",
            "image_name": "ubuntu-22.04-kis",
            "key_pair": "klucik_keypair",
            "metadata": {
              "this": "that"
            },
            "name": "private",
            "network": [
              {
                "access_network": false,
                "fixed_ip_v4": "192.168.0.242",
                "fixed_ip_v6": "",
                "floating_ip": "",
                "mac": "fa:16:3e:0d:d4:dd",
                "name": "stud10",
                "port": "",
                "uuid": "00ab79d2-afde-423c-a844-77e84c124caa"
              },
              {
                "access_network": false,
                "fixed_ip_v4": "158.193.154.28",
                "fixed_ip_v6": "",
                "floating_ip": "",
                "mac": "fa:16:3e:9b:71:aa",
                "name": "ext-net-154",
                "port": "",
                "uuid": "3b3d6331-6050-497b-826f-4144382160bd"
              }
            ],
            "network_mode": null,
            "personality": [],
            "power_state": "active",
            "region": "RegionOne",
            "scheduler_hints": [],
            "security_groups": [
              "secgroup"
            ],
            "stop_before_destroy": false,
            "tags": [],
            "timeouts": null,
            "updated": "2023-11-13 14:03:28 +0000 UTC",
            "user_data": "601e863612462d37b2e6edcd678ac92e36ca7478",
            "vendor_options": [],
            "volume": []
          },
          "sensitive_attributes": [],
          "private": "eyJlMmJmYjczMC1lY2FhLTExZTYtOGY4OC0zNDM2M2JjN2M0YzAiOnsiY3JlYXRlIjoxODAwMDAwMDAwMDAwLCJkZWxldGUiOjE4MDAwMDAwMDAwMDAsInVwZGF0ZSI6MTgwMDAwMDAwMDAwMH19"
        }
      ]
    },
    {
      "mode": "managed",
      "type": "openstack_compute_instance_v2",
      "name": "public_server",
      "provider": "provider[\"registry.terraform.io/terraform-provider-openstack/openstack\"]",
      "instances": [
        {
          "status": "tainted",
          "schema_version": 0,
          "attributes": {
            "access_ip_v4": null,
            "access_ip_v6": null,
            "admin_pass": null,
            "all_metadata": null,
            "all_tags": [],
            "availability_zone": null,
            "availability_zone_hints": null,
            "block_device": [],
            "config_drive": null,
            "created": null,
            "flavor_id": null,
            "flavor_name": "1c05r8d",
            "floating_ip": null,
            "force_delete": false,
            "id": "f4007681-bce6-4150-b1c7-ce8e1a2431b3",
            "image_id": null,
            "image_name": "ubuntu-22.04-kis",
            "key_pair": "klucik_keypair",
            "metadata": {
              "this": "that"
            },
            "name": "public_server",
            "network": [
              {
                "access_network": false,
                "fixed_ip_v4": "",
                "fixed_ip_v6": "",
                "floating_ip": "",
                "mac": "",
                "name": "ext-net-154",
                "port": "",
                "uuid": ""
              },
              {
                "access_network": false,
                "fixed_ip_v4": "",
                "fixed_ip_v6": "",
                "floating_ip": "",
                "mac": "",
                "name": "stud10",
                "port": "",
                "uuid": ""
              }
            ],
            "network_mode": null,
            "personality": [],
            "power_state": "active",
            "region": null,
            "scheduler_hints": [],
            "security_groups": [
              "secgroup"
            ],
            "stop_before_destroy": false,
            "tags": null,
            "timeouts": null,
            "updated": null,
            "user_data": null,
            "vendor_options": [],
            "volume": []
          },
          "sensitive_attributes": [],
          "private": "eyJlMmJmYjczMC1lY2FhLTExZTYtOGY4OC0zNDM2M2JjN2M0YzAiOnsiY3JlYXRlIjoxODAwMDAwMDAwMDAwLCJkZWxldGUiOjE4MDAwMDAwMDAwMDAsInVwZGF0ZSI6MTgwMDAwMDAwMDAwMH19"
        }
      ]
    },
    {
      "mode": "managed",
      "type": "openstack_compute_keypair_v2",
      "name": "keypair",
      "provider": "provider[\"registry.terraform.io/terraform-provider-openstack/openstack\"]",
      "instances": [
        {
          "schema_version": 0,
          "attributes": {
            "fingerprint": "68:16:cb:e0:dd:dc:43:92:a8:a7:75:8e:a8:ef:08:28",
            "id": "klucik_keypair",
            "name": "klucik_keypair",
            "private_key": "-----BEGIN RSA PRIVATE KEY-----\nMIIEpQIBAAKCAQEA6R8Eqt0XSEHDWyi63GoF7ImiKvsHMEnfL+PI/fa6duq2Ddub\nWiGsJwoe8s9UYpJX/CPCL589bHR8rwxplQ+iFjr3dgMLq3dqweSO8ove8jCGA59D\nuTKPRgD7cj8oGNUPOSeuAt8NdQ0i+1Ucuqy1yJ4fCNH6PBN0jHnyHKW6a4EaCjN1\nxcvTo2FrTICj9NY/uKP8ypwwsMlMpp9EvzVCd4DFyinlh0Me9o04p9hXyPqUrxxV\naKJMKsuSGu8QqbmF7LDddDdRAOovQbSJKgA+MVnpHnD+wOspxAe/w9MxF7Fhvbtr\nZckK2mwDv8uXuPZe2Su7MiNEojeaQVWZ7aUBzwIDAQABAoIBACZseGZ5PocoX7y8\nv9/okcVlAhe3fH3XDzRjhRNnAWDsWsl58ucuOaPNpUA8MBp3KI1kj3Mt+f/QS2TG\n1Pg+tWaYnYUUB25hpnUC6RTNPRgKK2yZaZ4y2S6eptMz2bYOGA5BngrXHO64FZX7\nd1rFcMj6Vv8rLOWOB13IE8HpBwsE0elhgEmcqrQQbs17pSL0tRNo2VzYekGJiqLD\nmb3DmsYOqL5vZcr7yDe8BBHrY3t8OM9W7y691OA1gbHnhJvv7kXnUEmYfBi40UNF\n99bsUbg6c2DqaaD8sff+r+OymabH1dGbvGGNRJ9zwoaW8Q/1m5IywoYQfdFnTt7Q\nFAz2+qECgYEA+oTNNjVn+HGmXApRFblBd9mzuQI8x/7XumiYUqJ/W8qbiS72gKei\nQgt753nh9Tmih0L7Xpl0NfC7/mQCl00R1Q0r05NZ8E08DdfqFaSW1vxsXJKrilEw\ntGMgPWqd8uTyzF7ZmODWLOrSnkD3Fz5DjxmLvL5CqAGmAbk1AP1R6QcCgYEA7jjF\nDayd9aAYXfE34hERfFywWmYqoNCRZTTTgZpVGa8vHLp7AgnSvsi+2R7Oxh+uBswF\nspAdpgiFLN+cQ29pf7mECed7dZ+b4eWdQQU9+ISZ2jMwLwL8+8jhom2gDCjx8wsj\nqMcsQzWxVVL/vNgCsHhUYEON20prMko/6E6HVvkCgYEAoSyXqmypu5nC4ixxBnzt\nteIGUt0xpao7uN5aQa/yKGgtsRDZ3uP67GrfCInN6itueX+Koc4wihObn4tQb29S\nLbQPokuG7aeDH5TuMYZ21VIJlXV3j8G0iBnOQDU78W2DGCFd9ZGRucxKPS6myflx\nFbvlv0TZNaX529oAU+amsDkCgYEAvrpXEq6svXbTa4twuZ/+xvoS/B2mbaDvd/9G\nhBKDpg+7gZ3QVH526+cf3ggrdzbwB2McAK4f/sn9jkLuApPV/LwUejWKhE8o6EEF\nmYRP7ISGBcxL/KfA0vovpPNuW64AoR2/DCeDScBYXb8ZICI2bQG6VGRh1DwN/XKz\nHhSZiUkCgYEAqhJAJJZa4oT3SYyV9uvJB8hwFbZdEeJqpl6YPXGjL6WSku/toetK\nFF5rztJCTSQpv8czK3Meq0RQNfaaDe3AFqhiyPI0Mc1p7YbwEQE/MITiLDnmGfgR\nmL1sGU6eYfXcHmz1qjmZZb/Lfz2DC24Fbn3ui881kvYAX9kt06vH2RA=\n-----END RSA PRIVATE KEY-----\n",
            "public_key": "ssh-rsa AAAAB3NzaC1yc2EAAAADAQABAAABAQDpHwSq3RdIQcNbKLrcagXsiaIq+wcwSd8v48j99rp26rYN25taIawnCh7yz1Riklf8I8Ivnz1sdHyvDGmVD6IWOvd2Awurd2rB5I7yi97yMIYDn0O5Mo9GAPtyPygY1Q85J64C3w11DSL7VRy6rLXInh8I0fo8E3SMefIcpbprgRoKM3XFy9OjYWtMgKP01j+4o/zKnDCwyUymn0S/NUJ3gMXKKeWHQx72jTin2FfI+pSvHFVookwqy5Ia7xCpuYXssN10N1EA6i9BtIkqAD4xWekecP7A6ynEB7/D0zEXsWG9u2tlyQrabAO/y5e49l7ZK7syI0SiN5pBVZntpQHP Generated-by-Nova",
            "region": "RegionOne",
            "user_id": "",
            "value_specs": null
          },
          "sensitive_attributes": [],
          "private": "bnVsbA=="
        }
      ]
    },
    {
      "mode": "managed",
      "type": "openstack_networking_network_v2",
      "name": "main",
      "provider": "provider[\"registry.terraform.io/terraform-provider-openstack/openstack\"]",
      "instances": [
        {
          "schema_version": 0,
          "attributes": {
            "admin_state_up": true,
            "all_tags": [],
            "availability_zone_hints": [],
            "description": "",
            "dns_domain": "",
            "external": false,
            "id": "00ab79d2-afde-423c-a844-77e84c124caa",
            "mtu": 1442,
            "name": "stud10",
            "port_security_enabled": false,
            "qos_policy_id": "",
            "region": "RegionOne",
            "segments": [],
            "shared": false,
            "tags": [],
            "tenant_id": "4e565db387764e96ad5b1e3bb7912df3",
            "timeouts": null,
            "transparent_vlan": false,
            "value_specs": null
          },
          "sensitive_attributes": [],
          "private": "eyJlMmJmYjczMC1lY2FhLTExZTYtOGY4OC0zNDM2M2JjN2M0YzAiOnsiY3JlYXRlIjo2MDAwMDAwMDAwMDAsImRlbGV0ZSI6NjAwMDAwMDAwMDAwfX0="
        }
      ]
    },
    {
      "mode": "managed",
      "type": "openstack_networking_secgroup_rule_v2",
      "name": "security_group_rule_icmp",
      "provider": "provider[\"registry.terraform.io/terraform-provider-openstack/openstack\"]",
      "instances": [
        {
          "schema_version": 0,
          "attributes": {
            "description": "Managed by Terraform!",
            "direction": "ingress",
            "ethertype": "IPv4",
            "id": "a9efc214-42ec-4cef-96c9-691200d20594",
            "port_range_max": 0,
            "port_range_min": 0,
            "protocol": "icmp",
            "region": "RegionOne",
            "remote_group_id": "",
            "remote_ip_prefix": "158.193.154.180/32",
            "security_group_id": "5025b4c4-2c08-48ef-b4a1-fe742b7541b9",
            "tenant_id": "4e565db387764e96ad5b1e3bb7912df3",
            "timeouts": null
          },
          "sensitive_attributes": [],
          "private": "eyJlMmJmYjczMC1lY2FhLTExZTYtOGY4OC0zNDM2M2JjN2M0YzAiOnsiZGVsZXRlIjo2MDAwMDAwMDAwMDB9fQ==",
          "dependencies": [
            "openstack_networking_secgroup_v2.security_group"
          ]
        }
      ]
    },
    {
      "mode": "managed",
      "type": "openstack_networking_secgroup_rule_v2",
      "name": "security_group_rule_tcp",
      "provider": "provider[\"registry.terraform.io/terraform-provider-openstack/openstack\"]",
      "instances": [
        {
          "schema_version": 0,
          "attributes": {
            "description": "Managed by Terraform!",
            "direction": "ingress",
            "ethertype": "IPv4",
            "id": "8581cf68-c523-4e7a-85be-0cc25c8e0896",
            "port_range_max": 0,
            "port_range_min": 0,
            "protocol": "tcp",
            "region": "RegionOne",
            "remote_group_id": "",
            "remote_ip_prefix": "158.193.154.180/32",
            "security_group_id": "5025b4c4-2c08-48ef-b4a1-fe742b7541b9",
            "tenant_id": "4e565db387764e96ad5b1e3bb7912df3",
            "timeouts": null
          },
          "sensitive_attributes": [],
          "private": "eyJlMmJmYjczMC1lY2FhLTExZTYtOGY4OC0zNDM2M2JjN2M0YzAiOnsiZGVsZXRlIjo2MDAwMDAwMDAwMDB9fQ==",
          "dependencies": [
            "openstack_networking_secgroup_v2.security_group"
          ]
        }
      ]
    },
    {
      "mode": "managed",
      "type": "openstack_networking_secgroup_rule_v2",
      "name": "security_group_rule_udp",
      "provider": "provider[\"registry.terraform.io/terraform-provider-openstack/openstack\"]",
      "instances": [
        {
          "schema_version": 0,
          "attributes": {
            "description": "Managed by Terraform!",
            "direction": "ingress",
            "ethertype": "IPv4",
            "id": "1f893b8b-3b01-4d11-837c-ca5a0c000a97",
            "port_range_max": 0,
            "port_range_min": 0,
            "protocol": "udp",
            "region": "RegionOne",
            "remote_group_id": "",
            "remote_ip_prefix": "158.193.154.180/32",
            "security_group_id": "5025b4c4-2c08-48ef-b4a1-fe742b7541b9",
            "tenant_id": "4e565db387764e96ad5b1e3bb7912df3",
            "timeouts": null
          },
          "sensitive_attributes": [],
          "private": "eyJlMmJmYjczMC1lY2FhLTExZTYtOGY4OC0zNDM2M2JjN2M0YzAiOnsiZGVsZXRlIjo2MDAwMDAwMDAwMDB9fQ==",
          "dependencies": [
            "openstack_networking_secgroup_v2.security_group"
          ]
        }
      ]
    },
    {
      "mode": "managed",
      "type": "openstack_networking_secgroup_rule_v2",
      "name": "security_group_rule_university_icmp",
      "provider": "provider[\"registry.terraform.io/terraform-provider-openstack/openstack\"]",
      "instances": [
        {
          "schema_version": 0,
          "attributes": {
            "description": "Managed by Terraform!",
            "direction": "ingress",
            "ethertype": "IPv4",
            "id": "e68e0b93-4cc6-4309-bcc5-1e06a219f40f",
            "port_range_max": 0,
            "port_range_min": 0,
            "protocol": "icmp",
            "region": "RegionOne",
            "remote_group_id": "",
            "remote_ip_prefix": "158.193.0.0/16",
            "security_group_id": "5025b4c4-2c08-48ef-b4a1-fe742b7541b9",
            "tenant_id": "4e565db387764e96ad5b1e3bb7912df3",
            "timeouts": null
          },
          "sensitive_attributes": [],
          "private": "eyJlMmJmYjczMC1lY2FhLTExZTYtOGY4OC0zNDM2M2JjN2M0YzAiOnsiZGVsZXRlIjo2MDAwMDAwMDAwMDB9fQ==",
          "dependencies": [
            "openstack_networking_secgroup_v2.security_group"
          ]
        }
      ]
    },
    {
      "mode": "managed",
      "type": "openstack_networking_secgroup_rule_v2",
      "name": "security_group_rule_university_tcp",
      "provider": "provider[\"registry.terraform.io/terraform-provider-openstack/openstack\"]",
      "instances": [
        {
          "schema_version": 0,
          "attributes": {
            "description": "Managed by Terraform!",
            "direction": "ingress",
            "ethertype": "IPv4",
            "id": "a08ee1dc-21eb-4a57-9b74-ba8fefb0451d",
            "port_range_max": 0,
            "port_range_min": 0,
            "protocol": "tcp",
            "region": "RegionOne",
            "remote_group_id": "",
            "remote_ip_prefix": "158.193.0.0/16",
            "security_group_id": "5025b4c4-2c08-48ef-b4a1-fe742b7541b9",
            "tenant_id": "4e565db387764e96ad5b1e3bb7912df3",
            "timeouts": null
          },
          "sensitive_attributes": [],
          "private": "eyJlMmJmYjczMC1lY2FhLTExZTYtOGY4OC0zNDM2M2JjN2M0YzAiOnsiZGVsZXRlIjo2MDAwMDAwMDAwMDB9fQ==",
          "dependencies": [
            "openstack_networking_secgroup_v2.security_group"
          ]
        }
      ]
    },
    {
      "mode": "managed",
      "type": "openstack_networking_secgroup_rule_v2",
      "name": "security_group_rule_university_udp",
      "provider": "provider[\"registry.terraform.io/terraform-provider-openstack/openstack\"]",
      "instances": [
        {
          "schema_version": 0,
          "attributes": {
            "description": "Managed by Terraform!",
            "direction": "ingress",
            "ethertype": "IPv4",
            "id": "a7c7af99-29a2-4221-ae7f-645e83133ac9",
            "port_range_max": 0,
            "port_range_min": 0,
            "protocol": "udp",
            "region": "RegionOne",
            "remote_group_id": "",
            "remote_ip_prefix": "158.193.0.0/16",
            "security_group_id": "5025b4c4-2c08-48ef-b4a1-fe742b7541b9",
            "tenant_id": "4e565db387764e96ad5b1e3bb7912df3",
            "timeouts": null
          },
          "sensitive_attributes": [],
          "private": "eyJlMmJmYjczMC1lY2FhLTExZTYtOGY4OC0zNDM2M2JjN2M0YzAiOnsiZGVsZXRlIjo2MDAwMDAwMDAwMDB9fQ==",
          "dependencies": [
            "openstack_networking_secgroup_v2.security_group"
          ]
        }
      ]
    },
    {
      "mode": "managed",
      "type": "openstack_networking_secgroup_v2",
      "name": "security_group",
      "provider": "provider[\"registry.terraform.io/terraform-provider-openstack/openstack\"]",
      "instances": [
        {
          "schema_version": 0,
          "attributes": {
            "all_tags": [],
            "delete_default_rules": null,
            "description": "Managed by Terraform!",
            "id": "5025b4c4-2c08-48ef-b4a1-fe742b7541b9",
            "name": "secgroup",
            "region": "RegionOne",
            "tags": [],
            "tenant_id": "4e565db387764e96ad5b1e3bb7912df3",
            "timeouts": null
          },
          "sensitive_attributes": [],
          "private": "eyJlMmJmYjczMC1lY2FhLTExZTYtOGY4OC0zNDM2M2JjN2M0YzAiOnsiZGVsZXRlIjo2MDAwMDAwMDAwMDB9fQ=="
        }
      ]
    },
    {
      "mode": "managed",
      "type": "openstack_networking_subnet_v2",
      "name": "subnet_1",
      "provider": "provider[\"registry.terraform.io/terraform-provider-openstack/openstack\"]",
      "instances": [
        {
          "schema_version": 0,
          "attributes": {
            "all_tags": [],
            "allocation_pool": [
              {
                "end": "192.168.0.254",
                "start": "192.168.0.2"
              }
            ],
            "allocation_pools": [
              {
                "end": "192.168.0.254",
                "start": "192.168.0.2"
              }
            ],
            "cidr": "192.168.0.0/24",
            "description": "",
            "dns_nameservers": [],
            "enable_dhcp": true,
            "gateway_ip": "192.168.0.1",
            "host_routes": [],
            "id": "9b13dcc7-cb33-4cf7-b142-fbcc9dbe219f",
            "ip_version": 4,
            "ipv6_address_mode": "",
            "ipv6_ra_mode": "",
            "name": "subnet_1",
            "network_id": "00ab79d2-afde-423c-a844-77e84c124caa",
            "no_gateway": false,
            "prefix_length": null,
            "region": "RegionOne",
            "service_types": [],
            "subnetpool_id": "",
            "tags": [],
            "tenant_id": "4e565db387764e96ad5b1e3bb7912df3",
            "timeouts": null,
            "value_specs": null
          },
          "sensitive_attributes": [],
          "private": "eyJlMmJmYjczMC1lY2FhLTExZTYtOGY4OC0zNDM2M2JjN2M0YzAiOnsiY3JlYXRlIjo2MDAwMDAwMDAwMDAsImRlbGV0ZSI6NjAwMDAwMDAwMDAwfX0=",
          "dependencies": [
            "openstack_networking_network_v2.main"
          ]
        }
      ]
    }
  ],
  "check_results": null
}
